
Microsoft Visual Studio Solution File, Format Version 12.00
# Visual Studio Version 16
VisualStudioVersion = 16.0.31729.503
MinimumVisualStudioVersion = 10.0.40219.1
Project("{FAE04EC0-301F-11D3-BF4B-00C04F79EFBC}") = "EFCRUDAPP", "EFCRUDAPP\EFCRUDAPP.csproj", "{058D6C71-CC0F-43F9-A776-EA309201413E}"
EndProject
Global
	GlobalSection(SolutionConfigurationPlatforms) = preSolution
		Debug|Any CPU = Debug|Any CPU
		Release|Any CPU = Release|Any CPU
	EndGlobalSection
	GlobalSection(ProjectConfigurationPlatforms) = postSolution
		{058D6C71-CC0F-43F9-A776-EA309201413E}.Debug|Any CPU.ActiveCfg = Debug|Any CPU
		{058D6C71-CC0F-43F9-A776-EA309201413E}.Debug|Any CPU.Build.0 = Debug|Any CPU
		{058D6C71-CC0F-43F9-A776-EA309201413E}.Release|Any CPU.ActiveCfg = Release|Any CPU
		{058D6C71-CC0F-43F9-A776-EA309201413E}.Release|Any CPU.Build.0 = Release|Any CPU
	EndGlobalSection
	GlobalSection(SolutionProperties) = preSolution
		HideSolutionNode = FALSE
	EndGlobalSection
	GlobalSection(ExtensibilityGlobals) = postSolution
		SolutionGuid = {99B8159D-60A8-4202-BEA7-2351271CE812}
	EndGlobalSection
EndGlobal
